{
  "name": "teste",
  "version": "1.0.0",
  "lockfileVersion": 3,
  "requires": true,
  "packages": {
    "": {
      "name": "teste",
      "version": "1.0.0",
      "license": "ISC",
      "dependencies": {
        "rj4": "file:../rj4"
      }
    },
    "../rj4": {
      "version": "1.0.0",
      "license": "ISC"
    },
    "node_modules/rj4": {
      "resolved": "../rj4",
      "link": true
    }
  }
}
